
Microsoft Visual Studio Solution File, Format Version 12.00
# Visual Studio Version 17
VisualStudioVersion = 17.1.32319.34
MinimumVisualStudioVersion = 10.0.40219.1
Project("{FAE04EC0-301F-11D3-BF4B-00C04F79EFBC}") = "Ex-6", "Ex-6\Ex-6.csproj", "{C311F816-E0A2-462C-B8E7-5DA94218502A}"
EndProject
Global
	GlobalSection(SolutionConfigurationPlatforms) = preSolution
		Debug|Any CPU = Debug|Any CPU
		Release|Any CPU = Release|Any CPU
	EndGlobalSection
	GlobalSection(ProjectConfigurationPlatforms) = postSolution
		{C311F816-E0A2-462C-B8E7-5DA94218502A}.Debug|Any CPU.ActiveCfg = Debug|Any CPU
		{C311F816-E0A2-462C-B8E7-5DA94218502A}.Debug|Any CPU.Build.0 = Debug|Any CPU
		{C311F816-E0A2-462C-B8E7-5DA94218502A}.Release|Any CPU.ActiveCfg = Release|Any CPU
		{C311F816-E0A2-462C-B8E7-5DA94218502A}.Release|Any CPU.Build.0 = Release|Any CPU
	EndGlobalSection
	GlobalSection(SolutionProperties) = preSolution
		HideSolutionNode = FALSE
	EndGlobalSection
	GlobalSection(ExtensibilityGlobals) = postSolution
		SolutionGuid = {63E941E6-8B21-4721-8B56-095F11A32192}
	EndGlobalSection
EndGlobal
