
Microsoft Visual Studio Solution File, Format Version 12.00
# Visual Studio Version 17
VisualStudioVersion = 17.1.32319.34
MinimumVisualStudioVersion = 10.0.40219.1
Project("{FAE04EC0-301F-11D3-BF4B-00C04F79EFBC}") = "Ex-5", "Ex-5\Ex-5.csproj", "{C5DF9B0F-CFEC-4DA1-A877-B8112091511D}"
EndProject
Global
	GlobalSection(SolutionConfigurationPlatforms) = preSolution
		Debug|Any CPU = Debug|Any CPU
		Release|Any CPU = Release|Any CPU
	EndGlobalSection
	GlobalSection(ProjectConfigurationPlatforms) = postSolution
		{C5DF9B0F-CFEC-4DA1-A877-B8112091511D}.Debug|Any CPU.ActiveCfg = Debug|Any CPU
		{C5DF9B0F-CFEC-4DA1-A877-B8112091511D}.Debug|Any CPU.Build.0 = Debug|Any CPU
		{C5DF9B0F-CFEC-4DA1-A877-B8112091511D}.Release|Any CPU.ActiveCfg = Release|Any CPU
		{C5DF9B0F-CFEC-4DA1-A877-B8112091511D}.Release|Any CPU.Build.0 = Release|Any CPU
	EndGlobalSection
	GlobalSection(SolutionProperties) = preSolution
		HideSolutionNode = FALSE
	EndGlobalSection
	GlobalSection(ExtensibilityGlobals) = postSolution
		SolutionGuid = {70244CC9-0A96-40AD-AD5A-C0C78B6ADFBA}
	EndGlobalSection
EndGlobal
