
Microsoft Visual Studio Solution File, Format Version 12.00
# Visual Studio Version 17
VisualStudioVersion = 17.1.32319.34
MinimumVisualStudioVersion = 10.0.40219.1
Project("{FAE04EC0-301F-11D3-BF4B-00C04F79EFBC}") = "Ex-11", "Ex-11\Ex-11.csproj", "{CDB23B6E-51AD-4BAC-8E69-E9186B2FE55C}"
EndProject
Global
	GlobalSection(SolutionConfigurationPlatforms) = preSolution
		Debug|Any CPU = Debug|Any CPU
		Release|Any CPU = Release|Any CPU
	EndGlobalSection
	GlobalSection(ProjectConfigurationPlatforms) = postSolution
		{CDB23B6E-51AD-4BAC-8E69-E9186B2FE55C}.Debug|Any CPU.ActiveCfg = Debug|Any CPU
		{CDB23B6E-51AD-4BAC-8E69-E9186B2FE55C}.Debug|Any CPU.Build.0 = Debug|Any CPU
		{CDB23B6E-51AD-4BAC-8E69-E9186B2FE55C}.Release|Any CPU.ActiveCfg = Release|Any CPU
		{CDB23B6E-51AD-4BAC-8E69-E9186B2FE55C}.Release|Any CPU.Build.0 = Release|Any CPU
	EndGlobalSection
	GlobalSection(SolutionProperties) = preSolution
		HideSolutionNode = FALSE
	EndGlobalSection
	GlobalSection(ExtensibilityGlobals) = postSolution
		SolutionGuid = {050711CF-3081-4A24-88A4-BD20306C60A2}
	EndGlobalSection
EndGlobal
